
Microsoft Visual Studio Solution File, Format Version 12.00
# Visual Studio Version 17
VisualStudioVersion = 17.13.35931.197 d17.13
MinimumVisualStudioVersion = 10.0.40219.1
Project("{FAE04EC0-301F-11D3-BF4B-00C04F79EFBC}") = "BinaryTreeTest", "BinaryTreeTest\BinaryTreeTest.csproj", "{40251743-7C6A-44A5-9F27-DB7775BB54A0}"
EndProject
Global
	GlobalSection(SolutionConfigurationPlatforms) = preSolution
		Debug|Any CPU = Debug|Any CPU
		Release|Any CPU = Release|Any CPU
	EndGlobalSection
	GlobalSection(ProjectConfigurationPlatforms) = postSolution
		{40251743-7C6A-44A5-9F27-DB7775BB54A0}.Debug|Any CPU.ActiveCfg = Debug|Any CPU
		{40251743-7C6A-44A5-9F27-DB7775BB54A0}.Debug|Any CPU.Build.0 = Debug|Any CPU
		{40251743-7C6A-44A5-9F27-DB7775BB54A0}.Release|Any CPU.ActiveCfg = Release|Any CPU
		{40251743-7C6A-44A5-9F27-DB7775BB54A0}.Release|Any CPU.Build.0 = Release|Any CPU
	EndGlobalSection
	GlobalSection(SolutionProperties) = preSolution
		HideSolutionNode = FALSE
	EndGlobalSection
	GlobalSection(ExtensibilityGlobals) = postSolution
		SolutionGuid = {AE2F761D-1D36-49C6-9F44-F0711A108419}
	EndGlobalSection
EndGlobal
